# THIS IS AN AUTOGENERATED FILE. DO NOT EDIT THIS FILE DIRECTLY.
# yarn lockfile v1


tslib@^1.8.1:
  version "1.10.0"
  resolved "https://registry.yarnpkg.com/tslib/-/tslib-1.10.0.tgz#c3c19f95973fb0a62973fb09d90d961ee43e5c8a"
  integrity sha512-qOebF53frne81cf0S9B41ByenJ3/IuH8yJKngAX35CmiZySA0khhkovshKK+jGCaMnVomla7gVlIcc3EvKPbTQ==

tslint-microsoft-contrib@^6.2.0:
  version "6.2.0"
  resolved "https://registry.yarnpkg.com/tslint-microsoft-contrib/-/tslint-microsoft-contrib-6.2.0.tgz#8aa0f40584d066d05e6a5e7988da5163b85f2ad4"
  integrity sha512-6tfi/2tHqV/3CL77pULBcK+foty11Rr0idRDxKnteTaKm6gWF9qmaCNU17HVssOuwlYNyOmd9Jsmjd+1t3a3qw==
  dependencies:
    tsutils "^2.27.2 <2.29.0"

tslint-react@^4.0.0:
  version "4.0.0"
  resolved "https://registry.yarnpkg.com/tslint-react/-/tslint-react-4.0.0.tgz#b4bb4c01c32448cb14d23f143a2f5e4989bb961e"
  integrity sha512-9fNE0fm9zNDx1+b6hgy8rgDN2WsQLRiIrn3+fbqm0tazBVF6jiaCFAITxmU+WSFWYE03Xhp1joCircXOe1WVAQ==
  dependencies:
    tsutils "^3.9.1"

"tsutils@^2.27.2 <2.29.0":
  version "2.28.0"
  resolved "https://registry.yarnpkg.com/tsutils/-/tsutils-2.28.0.tgz#6bd71e160828f9d019b6f4e844742228f85169a1"
  integrity sha512-bh5nAtW0tuhvOJnx1GLRn5ScraRLICGyJV5wJhtRWOLsxW70Kk5tZtpK3O/hW6LDnqKS9mlUMPZj9fEMJ0gxqA==
  dependencies:
    tslib "^1.8.1"

tsutils@^3.9.1:
  version "3.14.0"
  resolved "https://registry.yarnpkg.com/tsutils/-/tsutils-3.14.0.tgz#bf8d5a7bae5369331fa0f2b0a5a10bd7f7396c77"
  integrity sha512-SmzGbB0l+8I0QwsPgjooFRaRvHLBLNYM8SeQ0k6rtNDru5sCGeLJcZdwilNndN+GysuFjF5EIYgN8GfFG6UeUw==
  dependencies:
    tslib "^1.8.1"
